# This file is automatically @generated by Cargo.
# It is not intended for manual editing.
version = 4

[[package]]
name = "ac-esp"
version = "0.2.0"
dependencies = [
 "anyhow",
 "windows",
 "windows-ez-overlay",
]

[[package]]
name = "anyhow"
version = "1.0.96"
source = "registry+https://github.com/rust-lang/crates.io-index"
checksum = "6b964d184e89d9b6b67dd2715bc8e74cf3107fb2b529990c90cf517326150bf4"

[[package]]
name = "proc-macro2"
version = "1.0.93"
source = "registry+https://github.com/rust-lang/crates.io-index"
checksum = "60946a68e5f9d28b0dc1c21bb8a97ee7d018a8b322fa57838ba31cc878e22d99"
dependencies = [
 "unicode-ident",
]

[[package]]
name = "quote"
version = "1.0.38"
source = "registry+https://github.com/rust-lang/crates.io-index"
checksum = "0e4dccaaaf89514f546c693ddc140f729f958c247918a13380cccc6078391acc"
dependencies = [
 "proc-macro2",
]

[[package]]
name = "syn"
version = "2.0.98"
source = "registry+https://github.com/rust-lang/crates.io-index"
checksum = "36147f1a48ae0ec2b5b3bc5b537d267457555a10dc06f3dbc8cb11ba3006d3b1"
dependencies = [
 "proc-macro2",
 "quote",
 "unicode-ident",
]

[[package]]
name = "unicode-ident"
version = "1.0.17"
source = "registry+https://github.com/rust-lang/crates.io-index"
checksum = "00e2473a93778eb0bad35909dff6a10d28e63f792f16ed15e404fca9d5eeedbe"

[[package]]
name = "windows"
version = "0.60.0"
source = "git+https://github.com/microsoft/windows-rs#299d421ba55e947adc8fa647d0ff95876a9bd051"
dependencies = [
 "windows-collections",
 "windows-core",
 "windows-future",
 "windows-link",
 "windows-numerics",
]

[[package]]
name = "windows-collections"
version = "0.1.1"
source = "git+https://github.com/microsoft/windows-rs#299d421ba55e947adc8fa647d0ff95876a9bd051"
dependencies = [
 "windows-core",
]

[[package]]
name = "windows-core"
version = "0.60.1"
source = "git+https://github.com/microsoft/windows-rs#299d421ba55e947adc8fa647d0ff95876a9bd051"
dependencies = [
 "windows-implement",
 "windows-interface",
 "windows-link",
 "windows-result",
 "windows-strings",
]

[[package]]
name = "windows-ez-overlay"
version = "0.2.0"
source = "git+https://github.com/jerryshell/windows-ez-overlay#2e6738ea62eb84b66335644187e09688f976dddd"
dependencies = [
 "windows",
]

[[package]]
name = "windows-future"
version = "0.1.1"
source = "git+https://github.com/microsoft/windows-rs#299d421ba55e947adc8fa647d0ff95876a9bd051"
dependencies = [
 "windows-core",
 "windows-link",
]

[[package]]
name = "windows-implement"
version = "0.59.0"
source = "git+https://github.com/microsoft/windows-rs#299d421ba55e947adc8fa647d0ff95876a9bd051"
dependencies = [
 "proc-macro2",
 "quote",
 "syn",
]

[[package]]
name = "windows-interface"
version = "0.59.0"
source = "git+https://github.com/microsoft/windows-rs#299d421ba55e947adc8fa647d0ff95876a9bd051"
dependencies = [
 "proc-macro2",
 "quote",
 "syn",
]

[[package]]
name = "windows-link"
version = "0.1.0"
source = "git+https://github.com/microsoft/windows-rs#299d421ba55e947adc8fa647d0ff95876a9bd051"

[[package]]
name = "windows-numerics"
version = "0.1.1"
source = "git+https://github.com/microsoft/windows-rs#299d421ba55e947adc8fa647d0ff95876a9bd051"
dependencies = [
 "windows-core",
 "windows-link",
]

[[package]]
name = "windows-result"
version = "0.3.1"
source = "git+https://github.com/microsoft/windows-rs#299d421ba55e947adc8fa647d0ff95876a9bd051"
dependencies = [
 "windows-link",
]

[[package]]
name = "windows-strings"
version = "0.3.1"
source = "git+https://github.com/microsoft/windows-rs#299d421ba55e947adc8fa647d0ff95876a9bd051"
dependencies = [
 "windows-link",
]
